// !$*UTF8*$!
{
	archiveVersion = 1;
	classes = {
	};
	objectVersion = 56;
	objects = {

/* Begin PBXBuildFile section */
		366D6FF72C76582A008955C8 /* SideMenu.docc in Sources */ = {isa = PBXBuildFile; fileRef = 366D6FF62C76582A008955C8 /* SideMenu.docc */; };
		366D6FFD2C76582A008955C8 /* SideMenu.framework in Frameworks */ = {isa = PBXBuildFile; fileRef = 366D6FF22C76582A008955C8 /* SideMenu.framework */; };
		366D70022C76582A008955C8 /* SideMenuTests.swift in Sources */ = {isa = PBXBuildFile; fileRef = 366D70012C76582A008955C8 /* SideMenuTests.swift */; };
		366D70032C76582A008955C8 /* SideMenu.h in Headers */ = {isa = PBXBuildFile; fileRef = 366D6FF52C76582A008955C8 /* SideMenu.h */; settings = {ATTRIBUTES = (Public, ); }; };
		366D70112C765853008955C8 /* SideButtonModifier.swift in Sources */ = {isa = PBXBuildFile; fileRef = 366D700C2C765853008955C8 /* SideButtonModifier.swift */; };
		366D70122C765853008955C8 /* SideMenu.swift in Sources */ = {isa = PBXBuildFile; fileRef = 366D700D2C765853008955C8 /* SideMenu.swift */; };
		366D70132C765853008955C8 /* SideMenuContent.swift in Sources */ = {isa = PBXBuildFile; fileRef = 366D700E2C765853008955C8 /* SideMenuContent.swift */; };
		366D70142C765853008955C8 /* SideMenuPreferenceKey.swift in Sources */ = {isa = PBXBuildFile; fileRef = 366D700F2C765853008955C8 /* SideMenuPreferenceKey.swift */; };
		366D701A2C76585B008955C8 /* CustomTabBarView.swift in Sources */ = {isa = PBXBuildFile; fileRef = 366D70152C76585B008955C8 /* CustomTabBarView.swift */; };
		366D701B2C76585B008955C8 /* ItemPreferenceKey.swift in Sources */ = {isa = PBXBuildFile; fileRef = 366D70162C76585B008955C8 /* ItemPreferenceKey.swift */; };
		366D701C2C76585B008955C8 /* TabItem.swift in Sources */ = {isa = PBXBuildFile; fileRef = 366D70172C76585B008955C8 /* TabItem.swift */; };
		366D701D2C76585B008955C8 /* TabViewContent.swift in Sources */ = {isa = PBXBuildFile; fileRef = 366D70182C76585B008955C8 /* TabViewContent.swift */; };
		366D70212C76587A008955C8 /* ImageButtonItem.swift in Sources */ = {isa = PBXBuildFile; fileRef = 366D701E2C76587A008955C8 /* ImageButtonItem.swift */; };
		366D70222C76587A008955C8 /* View+.swift in Sources */ = {isa = PBXBuildFile; fileRef = 366D701F2C76587A008955C8 /* View+.swift */; };
		366D70242C7658BC008955C8 /* SideTapButton.swift in Sources */ = {isa = PBXBuildFile; fileRef = 366D70232C7658BC008955C8 /* SideTapButton.swift */; };
/* End PBXBuildFile section */

/* Begin PBXContainerItemProxy section */
		366D6FFE2C76582A008955C8 /* PBXContainerItemProxy */ = {
			isa = PBXContainerItemProxy;
			containerPortal = 366D6FE92C76582A008955C8 /* Project object */;
			proxyType = 1;
			remoteGlobalIDString = 366D6FF12C76582A008955C8;
			remoteInfo = SideMenu;
		};
/* End PBXContainerItemProxy section */

/* Begin PBXFileReference section */
		366D6FF22C76582A008955C8 /* SideMenu.framework */ = {isa = PBXFileReference; explicitFileType = wrapper.framework; includeInIndex = 0; path = SideMenu.framework; sourceTree = BUILT_PRODUCTS_DIR; };
		366D6FF52C76582A008955C8 /* SideMenu.h */ = {isa = PBXFileReference; lastKnownFileType = sourcecode.c.h; path = SideMenu.h; sourceTree = "<group>"; };
		366D6FF62C76582A008955C8 /* SideMenu.docc */ = {isa = PBXFileReference; lastKnownFileType = folder.documentationcatalog; path = SideMenu.docc; sourceTree = "<group>"; };
		366D6FFC2C76582A008955C8 /* SideMenuTests.xctest */ = {isa = PBXFileReference; explicitFileType = wrapper.cfbundle; includeInIndex = 0; path = SideMenuTests.xctest; sourceTree = BUILT_PRODUCTS_DIR; };
		366D70012C76582A008955C8 /* SideMenuTests.swift */ = {isa = PBXFileReference; lastKnownFileType = sourcecode.swift; path = SideMenuTests.swift; sourceTree = "<group>"; };
		366D700C2C765853008955C8 /* SideButtonModifier.swift */ = {isa = PBXFileReference; fileEncoding = 4; lastKnownFileType = sourcecode.swift; path = SideButtonModifier.swift; sourceTree = "<group>"; };
		366D700D2C765853008955C8 /* SideMenu.swift */ = {isa = PBXFileReference; fileEncoding = 4; lastKnownFileType = sourcecode.swift; path = SideMenu.swift; sourceTree = "<group>"; };
		366D700E2C765853008955C8 /* SideMenuContent.swift */ = {isa = PBXFileReference; fileEncoding = 4; lastKnownFileType = sourcecode.swift; path = SideMenuContent.swift; sourceTree = "<group>"; };
		366D700F2C765853008955C8 /* SideMenuPreferenceKey.swift */ = {isa = PBXFileReference; fileEncoding = 4; lastKnownFileType = sourcecode.swift; path = SideMenuPreferenceKey.swift; sourceTree = "<group>"; };
		366D70152C76585B008955C8 /* CustomTabBarView.swift */ = {isa = PBXFileReference; fileEncoding = 4; lastKnownFileType = sourcecode.swift; path = CustomTabBarView.swift; sourceTree = "<group>"; };
		366D70162C76585B008955C8 /* ItemPreferenceKey.swift */ = {isa = PBXFileReference; fileEncoding = 4; lastKnownFileType = sourcecode.swift; path = ItemPreferenceKey.swift; sourceTree = "<group>"; };
		366D70172C76585B008955C8 /* TabItem.swift */ = {isa = PBXFileReference; fileEncoding = 4; lastKnownFileType = sourcecode.swift; path = TabItem.swift; sourceTree = "<group>"; };
		366D70182C76585B008955C8 /* TabViewContent.swift */ = {isa = PBXFileReference; fileEncoding = 4; lastKnownFileType = sourcecode.swift; path = TabViewContent.swift; sourceTree = "<group>"; };
		366D701E2C76587A008955C8 /* ImageButtonItem.swift */ = {isa = PBXFileReference; fileEncoding = 4; lastKnownFileType = sourcecode.swift; path = ImageButtonItem.swift; sourceTree = "<group>"; };
		366D701F2C76587A008955C8 /* View+.swift */ = {isa = PBXFileReference; fileEncoding = 4; lastKnownFileType = sourcecode.swift; path = "View+.swift"; sourceTree = "<group>"; };
		366D70232C7658BC008955C8 /* SideTapButton.swift */ = {isa = PBXFileReference; fileEncoding = 4; lastKnownFileType = sourcecode.swift; path = SideTapButton.swift; sourceTree = "<group>"; };
/* End PBXFileReference section */

/* Begin PBXFrameworksBuildPhase section */
		366D6FEF2C76582A008955C8 /* Frameworks */ = {
			isa = PBXFrameworksBuildPhase;
			buildActionMask = 2147483647;
			files = (
			);
			runOnlyForDeploymentPostprocessing = 0;
		};
		366D6FF92C76582A008955C8 /* Frameworks */ = {
			isa = PBXFrameworksBuildPhase;
			buildActionMask = 2147483647;
			files = (
				366D6FFD2C76582A008955C8 /* SideMenu.framework in Frameworks */,
			);
			runOnlyForDeploymentPostprocessing = 0;
		};
/* End PBXFrameworksBuildPhase section */

/* Begin PBXGroup section */
		366D6FE82C76582A008955C8 = {
			isa = PBXGroup;
			children = (
				366D6FF42C76582A008955C8 /* SideMenu */,
				366D70002C76582A008955C8 /* SideMenuTests */,
				366D6FF32C76582A008955C8 /* Products */,
			);
			sourceTree = "<group>";
		};
		366D6FF32C76582A008955C8 /* Products */ = {
			isa = PBXGroup;
			children = (
				366D6FF22C76582A008955C8 /* SideMenu.framework */,
				366D6FFC2C76582A008955C8 /* SideMenuTests.xctest */,
			);
			name = Products;
			sourceTree = "<group>";
		};
		366D6FF42C76582A008955C8 /* SideMenu */ = {
			isa = PBXGroup;
			children = (
				366D6FF52C76582A008955C8 /* SideMenu.h */,
				366D70202C76587A008955C8 /* Utils */,
				366D70192C76585B008955C8 /* CustomTabBar */,
				366D70102C765853008955C8 /* SideMenu */,
				366D6FF62C76582A008955C8 /* SideMenu.docc */,
			);
			path = SideMenu;
			sourceTree = "<group>";
		};
		366D70002C76582A008955C8 /* SideMenuTests */ = {
			isa = PBXGroup;
			children = (
				366D70012C76582A008955C8 /* SideMenuTests.swift */,
			);
			path = SideMenuTests;
			sourceTree = "<group>";
		};
		366D70102C765853008955C8 /* SideMenu */ = {
			isa = PBXGroup;
			children = (
				366D700C2C765853008955C8 /* SideButtonModifier.swift */,
				366D700D2C765853008955C8 /* SideMenu.swift */,
				366D700E2C765853008955C8 /* SideMenuContent.swift */,
				366D700F2C765853008955C8 /* SideMenuPreferenceKey.swift */,
			);
			path = SideMenu;
			sourceTree = "<group>";
		};
		366D70192C76585B008955C8 /* CustomTabBar */ = {
			isa = PBXGroup;
			children = (
				366D70152C76585B008955C8 /* CustomTabBarView.swift */,
				366D70162C76585B008955C8 /* ItemPreferenceKey.swift */,
				366D70172C76585B008955C8 /* TabItem.swift */,
				366D70182C76585B008955C8 /* TabViewContent.swift */,
			);
			path = CustomTabBar;
			sourceTree = "<group>";
		};
		366D70202C76587A008955C8 /* Utils */ = {
			isa = PBXGroup;
			children = (
				366D70232C7658BC008955C8 /* SideTapButton.swift */,
				366D701E2C76587A008955C8 /* ImageButtonItem.swift */,
				366D701F2C76587A008955C8 /* View+.swift */,
			);
			path = Utils;
			sourceTree = "<group>";
		};
/* End PBXGroup section */

/* Begin PBXHeadersBuildPhase section */
		366D6FED2C76582A008955C8 /* Headers */ = {
			isa = PBXHeadersBuildPhase;
			buildActionMask = 2147483647;
			files = (
				366D70032C76582A008955C8 /* SideMenu.h in Headers */,
			);
			runOnlyForDeploymentPostprocessing = 0;
		};
/* End PBXHeadersBuildPhase section */

/* Begin PBXNativeTarget section */
		366D6FF12C76582A008955C8 /* SideMenu */ = {
			isa = PBXNativeTarget;
			buildConfigurationList = 366D70062C76582A008955C8 /* Build configuration list for PBXNativeTarget "SideMenu" */;
			buildPhases = (
				366D6FED2C76582A008955C8 /* Headers */,
				366D6FEE2C76582A008955C8 /* Sources */,
				366D6FEF2C76582A008955C8 /* Frameworks */,
				366D6FF02C76582A008955C8 /* Resources */,
			);
			buildRules = (
			);
			dependencies = (
			);
			name = SideMenu;
			productName = SideMenu;
			productReference = 366D6FF22C76582A008955C8 /* SideMenu.framework */;
			productType = "com.apple.product-type.framework";
		};
		366D6FFB2C76582A008955C8 /* SideMenuTests */ = {
			isa = PBXNativeTarget;
			buildConfigurationList = 366D70092C76582A008955C8 /* Build configuration list for PBXNativeTarget "SideMenuTests" */;
			buildPhases = (
				366D6FF82C76582A008955C8 /* Sources */,
				366D6FF92C76582A008955C8 /* Frameworks */,
				366D6FFA2C76582A008955C8 /* Resources */,
			);
			buildRules = (
			);
			dependencies = (
				366D6FFF2C76582A008955C8 /* PBXTargetDependency */,
			);
			name = SideMenuTests;
			productName = SideMenuTests;
			productReference = 366D6FFC2C76582A008955C8 /* SideMenuTests.xctest */;
			productType = "com.apple.product-type.bundle.unit-test";
		};
/* End PBXNativeTarget section */

/* Begin PBXProject section */
		366D6FE92C76582A008955C8 /* Project object */ = {
			isa = PBXProject;
			attributes = {
				BuildIndependentTargetsInParallel = 1;
				LastSwiftUpdateCheck = 1540;
				LastUpgradeCheck = 1540;
				TargetAttributes = {
					366D6FF12C76582A008955C8 = {
						CreatedOnToolsVersion = 15.4;
					};
					366D6FFB2C76582A008955C8 = {
						CreatedOnToolsVersion = 15.4;
					};
				};
			};
			buildConfigurationList = 366D6FEC2C76582A008955C8 /* Build configuration list for PBXProject "SideMenu" */;
			compatibilityVersion = "Xcode 14.0";
			developmentRegion = en;
			hasScannedForEncodings = 0;
			knownRegions = (
				en,
				Base,
			);
			mainGroup = 366D6FE82C76582A008955C8;
			productRefGroup = 366D6FF32C76582A008955C8 /* Products */;
			projectDirPath = "";
			projectRoot = "";
			targets = (
				366D6FF12C76582A008955C8 /* SideMenu */,
				366D6FFB2C76582A008955C8 /* SideMenuTests */,
			);
		};
/* End PBXProject section */

/* Begin PBXResourcesBuildPhase section */
		366D6FF02C76582A008955C8 /* Resources */ = {
			isa = PBXResourcesBuildPhase;
			buildActionMask = 2147483647;
			files = (
			);
			runOnlyForDeploymentPostprocessing = 0;
		};
		366D6FFA2C76582A008955C8 /* Resources */ = {
			isa = PBXResourcesBuildPhase;
			buildActionMask = 2147483647;
			files = (
			);
			runOnlyForDeploymentPostprocessing = 0;
		};
/* End PBXResourcesBuildPhase section */

/* Begin PBXSourcesBuildPhase section */
		366D6FEE2C76582A008955C8 /* Sources */ = {
			isa = PBXSourcesBuildPhase;
			buildActionMask = 2147483647;
			files = (
				366D70122C765853008955C8 /* SideMenu.swift in Sources */,
				366D70142C765853008955C8 /* SideMenuPreferenceKey.swift in Sources */,
				366D70212C76587A008955C8 /* ImageButtonItem.swift in Sources */,
				366D70132C765853008955C8 /* SideMenuContent.swift in Sources */,
				366D701A2C76585B008955C8 /* CustomTabBarView.swift in Sources */,
				366D70222C76587A008955C8 /* View+.swift in Sources */,
				366D6FF72C76582A008955C8 /* SideMenu.docc in Sources */,
				366D70112C765853008955C8 /* SideButtonModifier.swift in Sources */,
				366D70242C7658BC008955C8 /* SideTapButton.swift in Sources */,
				366D701D2C76585B008955C8 /* TabViewContent.swift in Sources */,
				366D701C2C76585B008955C8 /* TabItem.swift in Sources */,
				366D701B2C76585B008955C8 /* ItemPreferenceKey.swift in Sources */,
			);
			runOnlyForDeploymentPostprocessing = 0;
		};
		366D6FF82C76582A008955C8 /* Sources */ = {
			isa = PBXSourcesBuildPhase;
			buildActionMask = 2147483647;
			files = (
				366D70022C76582A008955C8 /* SideMenuTests.swift in Sources */,
			);
			runOnlyForDeploymentPostprocessing = 0;
		};
/* End PBXSourcesBuildPhase section */

/* Begin PBXTargetDependency section */
		366D6FFF2C76582A008955C8 /* PBXTargetDependency */ = {
			isa = PBXTargetDependency;
			target = 366D6FF12C76582A008955C8 /* SideMenu */;
			targetProxy = 366D6FFE2C76582A008955C8 /* PBXContainerItemProxy */;
		};
/* End PBXTargetDependency section */

/* Begin XCBuildConfiguration section */
		366D70042C76582A008955C8 /* Debug */ = {
			isa = XCBuildConfiguration;
			buildSettings = {
				ALWAYS_SEARCH_USER_PATHS = NO;
				ASSETCATALOG_COMPILER_GENERATE_SWIFT_ASSET_SYMBOL_EXTENSIONS = YES;
				CLANG_ANALYZER_NONNULL = YES;
				CLANG_ANALYZER_NUMBER_OBJECT_CONVERSION = YES_AGGRESSIVE;
				CLANG_CXX_LANGUAGE_STANDARD = "gnu++20";
				CLANG_ENABLE_MODULES = YES;
				CLANG_ENABLE_OBJC_ARC = YES;
				CLANG_ENABLE_OBJC_WEAK = YES;
				CLANG_WARN_BLOCK_CAPTURE_AUTORELEASING = YES;
				CLANG_WARN_BOOL_CONVERSION = YES;
				CLANG_WARN_COMMA = YES;
				CLANG_WARN_CONSTANT_CONVERSION = YES;
				CLANG_WARN_DEPRECATED_OBJC_IMPLEMENTATIONS = YES;
				CLANG_WARN_DIRECT_OBJC_ISA_USAGE = YES_ERROR;
				CLANG_WARN_DOCUMENTATION_COMMENTS = YES;
				CLANG_WARN_EMPTY_BODY = YES;
				CLANG_WARN_ENUM_CONVERSION = YES;
				CLANG_WARN_INFINITE_RECURSION = YES;
				CLANG_WARN_INT_CONVERSION = YES;
				CLANG_WARN_NON_LITERAL_NULL_CONVERSION = YES;
				CLANG_WARN_OBJC_IMPLICIT_RETAIN_SELF = YES;
				CLANG_WARN_OBJC_LITERAL_CONVERSION = YES;
				CLANG_WARN_OBJC_ROOT_CLASS = YES_ERROR;
				CLANG_WARN_QUOTED_INCLUDE_IN_FRAMEWORK_HEADER = YES;
				CLANG_WARN_RANGE_LOOP_ANALYSIS = YES;
				CLANG_WARN_STRICT_PROTOTYPES = YES;
				CLANG_WARN_SUSPICIOUS_MOVE = YES;
				CLANG_WARN_UNGUARDED_AVAILABILITY = YES_AGGRESSIVE;
				CLANG_WARN_UNREACHABLE_CODE = YES;
				CLANG_WARN__DUPLICATE_METHOD_MATCH = YES;
				COPY_PHASE_STRIP = NO;
				CURRENT_PROJECT_VERSION = 1;
				DEBUG_INFORMATION_FORMAT = dwarf;
				ENABLE_STRICT_OBJC_MSGSEND = YES;
				ENABLE_TESTABILITY = YES;
				ENABLE_USER_SCRIPT_SANDBOXING = YES;
				GCC_C_LANGUAGE_STANDARD = gnu17;
				GCC_DYNAMIC_NO_PIC = NO;
				GCC_NO_COMMON_BLOCKS = YES;
				GCC_OPTIMIZATION_LEVEL = 0;
				GCC_PREPROCESSOR_DEFINITIONS = (
					"DEBUG=1",
					"$(inherited)",
				);
				GCC_WARN_64_TO_32_BIT_CONVERSION = YES;
				GCC_WARN_ABOUT_RETURN_TYPE = YES_ERROR;
				GCC_WARN_UNDECLARED_SELECTOR = YES;
				GCC_WARN_UNINITIALIZED_AUTOS = YES_AGGRESSIVE;
				GCC_WARN_UNUSED_FUNCTION = YES;
				GCC_WARN_UNUSED_VARIABLE = YES;
				IPHONEOS_DEPLOYMENT_TARGET = 17.5;
				LOCALIZATION_PREFERS_STRING_CATALOGS = YES;
				MTL_ENABLE_DEBUG_INFO = INCLUDE_SOURCE;
				MTL_FAST_MATH = YES;
				ONLY_ACTIVE_ARCH = YES;
				SDKROOT = iphoneos;
				SWIFT_ACTIVE_COMPILATION_CONDITIONS = "DEBUG $(inherited)";
				SWIFT_OPTIMIZATION_LEVEL = "-Onone";
				VERSIONING_SYSTEM = "apple-generic";
				VERSION_INFO_PREFIX = "";
			};
			name = Debug;
		};
		366D70052C76582A008955C8 /* Release */ = {
			isa = XCBuildConfiguration;
			buildSettings = {
				ALWAYS_SEARCH_USER_PATHS = NO;
				ASSETCATALOG_COMPILER_GENERATE_SWIFT_ASSET_SYMBOL_EXTENSIONS = YES;
				CLANG_ANALYZER_NONNULL = YES;
				CLANG_ANALYZER_NUMBER_OBJECT_CONVERSION = YES_AGGRESSIVE;
				CLANG_CXX_LANGUAGE_STANDARD = "gnu++20";
				CLANG_ENABLE_MODULES = YES;
				CLANG_ENABLE_OBJC_ARC = YES;
				CLANG_ENABLE_OBJC_WEAK = YES;
				CLANG_WARN_BLOCK_CAPTURE_AUTORELEASING = YES;
				CLANG_WARN_BOOL_CONVERSION = YES;
				CLANG_WARN_COMMA = YES;
				CLANG_WARN_CONSTANT_CONVERSION = YES;
				CLANG_WARN_DEPRECATED_OBJC_IMPLEMENTATIONS = YES;
				CLANG_WARN_DIRECT_OBJC_ISA_USAGE = YES_ERROR;
				CLANG_WARN_DOCUMENTATION_COMMENTS = YES;
				CLANG_WARN_EMPTY_BODY = YES;
				CLANG_WARN_ENUM_CONVERSION = YES;
				CLANG_WARN_INFINITE_RECURSION = YES;
				CLANG_WARN_INT_CONVERSION = YES;
				CLANG_WARN_NON_LITERAL_NULL_CONVERSION = YES;
				CLANG_WARN_OBJC_IMPLICIT_RETAIN_SELF = YES;
				CLANG_WARN_OBJC_LITERAL_CONVERSION = YES;
				CLANG_WARN_OBJC_ROOT_CLASS = YES_ERROR;
				CLANG_WARN_QUOTED_INCLUDE_IN_FRAMEWORK_HEADER = YES;
				CLANG_WARN_RANGE_LOOP_ANALYSIS = YES;
				CLANG_WARN_STRICT_PROTOTYPES = YES;
				CLANG_WARN_SUSPICIOUS_MOVE = YES;
				CLANG_WARN_UNGUARDED_AVAILABILITY = YES_AGGRESSIVE;
				CLANG_WARN_UNREACHABLE_CODE = YES;
				CLANG_WARN__DUPLICATE_METHOD_MATCH = YES;
				COPY_PHASE_STRIP = NO;
				CURRENT_PROJECT_VERSION = 1;
				DEBUG_INFORMATION_FORMAT = "dwarf-with-dsym";
				ENABLE_NS_ASSERTIONS = NO;
				ENABLE_STRICT_OBJC_MSGSEND = YES;
				ENABLE_USER_SCRIPT_SANDBOXING = YES;
				GCC_C_LANGUAGE_STANDARD = gnu17;
				GCC_NO_COMMON_BLOCKS = YES;
				GCC_WARN_64_TO_32_BIT_CONVERSION = YES;
				GCC_WARN_ABOUT_RETURN_TYPE = YES_ERROR;
				GCC_WARN_UNDECLARED_SELECTOR = YES;
				GCC_WARN_UNINITIALIZED_AUTOS = YES_AGGRESSIVE;
				GCC_WARN_UNUSED_FUNCTION = YES;
				GCC_WARN_UNUSED_VARIABLE = YES;
				IPHONEOS_DEPLOYMENT_TARGET = 17.5;
				LOCALIZATION_PREFERS_STRING_CATALOGS = YES;
				MTL_ENABLE_DEBUG_INFO = NO;
				MTL_FAST_MATH = YES;
				SDKROOT = iphoneos;
				SWIFT_COMPILATION_MODE = wholemodule;
				VALIDATE_PRODUCT = YES;
				VERSIONING_SYSTEM = "apple-generic";
				VERSION_INFO_PREFIX = "";
			};
			name = Release;
		};
		366D70072C76582A008955C8 /* Debug */ = {
			isa = XCBuildConfiguration;
			buildSettings = {
				BUILD_LIBRARY_FOR_DISTRIBUTION = YES;
				CODE_SIGN_STYLE = Automatic;
				CURRENT_PROJECT_VERSION = 1;
				DEFINES_MODULE = YES;
				DYLIB_COMPATIBILITY_VERSION = 1;
				DYLIB_CURRENT_VERSION = 1;
				DYLIB_INSTALL_NAME_BASE = "@rpath";
				ENABLE_MODULE_VERIFIER = YES;
				GENERATE_INFOPLIST_FILE = YES;
				INFOPLIST_KEY_NSHumanReadableCopyright = "";
				INSTALL_PATH = "$(LOCAL_LIBRARY_DIR)/Frameworks";
				LD_RUNPATH_SEARCH_PATHS = (
					"$(inherited)",
					"@executable_path/Frameworks",
					"@loader_path/Frameworks",
				);
				MARKETING_VERSION = 1.0;
				MODULE_VERIFIER_SUPPORTED_LANGUAGES = "objective-c objective-c++";
				MODULE_VERIFIER_SUPPORTED_LANGUAGE_STANDARDS = "gnu17 gnu++20";
				PRODUCT_BUNDLE_IDENTIFIER = com.sidemenuTamplate.SideMenu;
				PRODUCT_NAME = "$(TARGET_NAME:c99extidentifier)";
				SKIP_INSTALL = YES;
				SWIFT_EMIT_LOC_STRINGS = YES;
				SWIFT_INSTALL_OBJC_HEADER = NO;
				SWIFT_VERSION = 5.0;
				TARGETED_DEVICE_FAMILY = "1,2";
			};
			name = Debug;
		};
		366D70082C76582A008955C8 /* Release */ = {
			isa = XCBuildConfiguration;
			buildSettings = {
				BUILD_LIBRARY_FOR_DISTRIBUTION = YES;
				CODE_SIGN_STYLE = Automatic;
				CURRENT_PROJECT_VERSION = 1;
				DEFINES_MODULE = YES;
				DYLIB_COMPATIBILITY_VERSION = 1;
				DYLIB_CURRENT_VERSION = 1;
				DYLIB_INSTALL_NAME_BASE = "@rpath";
				ENABLE_MODULE_VERIFIER = YES;
				GENERATE_INFOPLIST_FILE = YES;
				INFOPLIST_KEY_NSHumanReadableCopyright = "";
				INSTALL_PATH = "$(LOCAL_LIBRARY_DIR)/Frameworks";
				LD_RUNPATH_SEARCH_PATHS = (
					"$(inherited)",
					"@executable_path/Frameworks",
					"@loader_path/Frameworks",
				);
				MARKETING_VERSION = 1.0;
				MODULE_VERIFIER_SUPPORTED_LANGUAGES = "objective-c objective-c++";
				MODULE_VERIFIER_SUPPORTED_LANGUAGE_STANDARDS = "gnu17 gnu++20";
				PRODUCT_BUNDLE_IDENTIFIER = com.sidemenuTamplate.SideMenu;
				PRODUCT_NAME = "$(TARGET_NAME:c99extidentifier)";
				SKIP_INSTALL = YES;
				SWIFT_EMIT_LOC_STRINGS = YES;
				SWIFT_INSTALL_OBJC_HEADER = NO;
				SWIFT_VERSION = 5.0;
				TARGETED_DEVICE_FAMILY = "1,2";
			};
			name = Release;
		};
		366D700A2C76582A008955C8 /* Debug */ = {
			isa = XCBuildConfiguration;
			buildSettings = {
				ALWAYS_EMBED_SWIFT_STANDARD_LIBRARIES = YES;
				CODE_SIGN_STYLE = Automatic;
				CURRENT_PROJECT_VERSION = 1;
				GENERATE_INFOPLIST_FILE = YES;
				MARKETING_VERSION = 1.0;
				PRODUCT_BUNDLE_IDENTIFIER = com.sidemenuTamplate.SideMenuTests;
				PRODUCT_NAME = "$(TARGET_NAME)";
				SWIFT_EMIT_LOC_STRINGS = NO;
				SWIFT_VERSION = 5.0;
				TARGETED_DEVICE_FAMILY = "1,2";
			};
			name = Debug;
		};
		366D700B2C76582A008955C8 /* Release */ = {
			isa = XCBuildConfiguration;
			buildSettings = {
				ALWAYS_EMBED_SWIFT_STANDARD_LIBRARIES = YES;
				CODE_SIGN_STYLE = Automatic;
				CURRENT_PROJECT_VERSION = 1;
				GENERATE_INFOPLIST_FILE = YES;
				MARKETING_VERSION = 1.0;
				PRODUCT_BUNDLE_IDENTIFIER = com.sidemenuTamplate.SideMenuTests;
				PRODUCT_NAME = "$(TARGET_NAME)";
				SWIFT_EMIT_LOC_STRINGS = NO;
				SWIFT_VERSION = 5.0;
				TARGETED_DEVICE_FAMILY = "1,2";
			};
			name = Release;
		};
/* End XCBuildConfiguration section */

/* Begin XCConfigurationList section */
		366D6FEC2C76582A008955C8 /* Build configuration list for PBXProject "SideMenu" */ = {
			isa = XCConfigurationList;
			buildConfigurations = (
				366D70042C76582A008955C8 /* Debug */,
				366D70052C76582A008955C8 /* Release */,
			);
			defaultConfigurationIsVisible = 0;
			defaultConfigurationName = Release;
		};
		366D70062C76582A008955C8 /* Build configuration list for PBXNativeTarget "SideMenu" */ = {
			isa = XCConfigurationList;
			buildConfigurations = (
				366D70072C76582A008955C8 /* Debug */,
				366D70082C76582A008955C8 /* Release */,
			);
			defaultConfigurationIsVisible = 0;
			defaultConfigurationName = Release;
		};
		366D70092C76582A008955C8 /* Build configuration list for PBXNativeTarget "SideMenuTests" */ = {
			isa = XCConfigurationList;
			buildConfigurations = (
				366D700A2C76582A008955C8 /* Debug */,
				366D700B2C76582A008955C8 /* Release */,
			);
			defaultConfigurationIsVisible = 0;
			defaultConfigurationName = Release;
		};
/* End XCConfigurationList section */
	};
	rootObject = 366D6FE92C76582A008955C8 /* Project object */;
}
